
Microsoft Visual Studio Solution File, Format Version 12.00
# Visual Studio Version 17
VisualStudioVersion = 17.0.31903.59
MinimumVisualStudioVersion = 10.0.40219.1
Project("{FAE04EC0-301F-11D3-BF4B-00C04F79EFBC}") = "OrderProcessing.Api", "OrderProcessing.Api\OrderProcessing.Api.csproj", "{005810D3-CAC7-46F5-9746-6B13C8DD0C9C}"
EndProject
Project("{FAE04EC0-301F-11D3-BF4B-00C04F79EFBC}") = "OrderProcessing.Core", "OrderProcessing.Core\OrderProcessing.Core.csproj", "{06EB4782-A1F8-4BED-B10A-481E27C2EE3E}"
EndProject
Project("{FAE04EC0-301F-11D3-BF4B-00C04F79EFBC}") = "OrderProcessing.Infrastructure", "OrderProcessing.Infrastructure\OrderProcessing.Infrastructure.csproj", "{2F00B223-6537-4CA7-9133-F730F563EF6E}"
EndProject
Project("{2150E333-8FDC-42A3-9474-1A3956D46DE8}") = "OrderProcessing.Workers", "OrderProcessing.Workers", "{58D8B7C6-47C5-4C02-B82B-1939C967278B}"
EndProject
Project("{FAE04EC0-301F-11D3-BF4B-00C04F79EFBC}") = "PaymentWorker", "OrderProcessing.Workers\PaymentWorker\PaymentWorker.csproj", "{291DCD55-9A75-4C94-9D6C-D9BD8AC3374B}"
EndProject
Project("{FAE04EC0-301F-11D3-BF4B-00C04F79EFBC}") = "InventoryWorker", "OrderProcessing.Workers\InventoryWorker\InventoryWorker.csproj", "{24C8B899-23A2-410E-AB1A-42BF31C5407A}"
EndProject
Project("{FAE04EC0-301F-11D3-BF4B-00C04F79EFBC}") = "NotificationWorker", "OrderProcessing.Workers\NotificationWorker\NotificationWorker.csproj", "{B875DFF6-70CA-43B6-BF4A-2E5762E4E111}"
EndProject
Project("{FAE04EC0-301F-11D3-BF4B-00C04F79EFBC}") = "OrderProcessing.UnitTests", "..\tests\OrderProcessing.UnitTests\OrderProcessing.UnitTests.csproj", "{D8ACDC02-827F-49C1-8606-CD5845B1F9F3}"
EndProject
Global
	GlobalSection(SolutionConfigurationPlatforms) = preSolution
		Debug|Any CPU = Debug|Any CPU
		Release|Any CPU = Release|Any CPU
	EndGlobalSection
	GlobalSection(SolutionProperties) = preSolution
		HideSolutionNode = FALSE
	EndGlobalSection
	GlobalSection(ProjectConfigurationPlatforms) = postSolution
		{005810D3-CAC7-46F5-9746-6B13C8DD0C9C}.Debug|Any CPU.ActiveCfg = Debug|Any CPU
		{005810D3-CAC7-46F5-9746-6B13C8DD0C9C}.Debug|Any CPU.Build.0 = Debug|Any CPU
		{005810D3-CAC7-46F5-9746-6B13C8DD0C9C}.Release|Any CPU.ActiveCfg = Release|Any CPU
		{005810D3-CAC7-46F5-9746-6B13C8DD0C9C}.Release|Any CPU.Build.0 = Release|Any CPU
		{06EB4782-A1F8-4BED-B10A-481E27C2EE3E}.Debug|Any CPU.ActiveCfg = Debug|Any CPU
		{06EB4782-A1F8-4BED-B10A-481E27C2EE3E}.Debug|Any CPU.Build.0 = Debug|Any CPU
		{06EB4782-A1F8-4BED-B10A-481E27C2EE3E}.Release|Any CPU.ActiveCfg = Release|Any CPU
		{06EB4782-A1F8-4BED-B10A-481E27C2EE3E}.Release|Any CPU.Build.0 = Release|Any CPU
		{2F00B223-6537-4CA7-9133-F730F563EF6E}.Debug|Any CPU.ActiveCfg = Debug|Any CPU
		{2F00B223-6537-4CA7-9133-F730F563EF6E}.Debug|Any CPU.Build.0 = Debug|Any CPU
		{2F00B223-6537-4CA7-9133-F730F563EF6E}.Release|Any CPU.ActiveCfg = Release|Any CPU
		{2F00B223-6537-4CA7-9133-F730F563EF6E}.Release|Any CPU.Build.0 = Release|Any CPU
		{291DCD55-9A75-4C94-9D6C-D9BD8AC3374B}.Debug|Any CPU.ActiveCfg = Debug|Any CPU
		{291DCD55-9A75-4C94-9D6C-D9BD8AC3374B}.Debug|Any CPU.Build.0 = Debug|Any CPU
		{291DCD55-9A75-4C94-9D6C-D9BD8AC3374B}.Release|Any CPU.ActiveCfg = Release|Any CPU
		{291DCD55-9A75-4C94-9D6C-D9BD8AC3374B}.Release|Any CPU.Build.0 = Release|Any CPU
		{24C8B899-23A2-410E-AB1A-42BF31C5407A}.Debug|Any CPU.ActiveCfg = Debug|Any CPU
		{24C8B899-23A2-410E-AB1A-42BF31C5407A}.Debug|Any CPU.Build.0 = Debug|Any CPU
		{24C8B899-23A2-410E-AB1A-42BF31C5407A}.Release|Any CPU.ActiveCfg = Release|Any CPU
		{24C8B899-23A2-410E-AB1A-42BF31C5407A}.Release|Any CPU.Build.0 = Release|Any CPU
		{B875DFF6-70CA-43B6-BF4A-2E5762E4E111}.Debug|Any CPU.ActiveCfg = Debug|Any CPU
		{B875DFF6-70CA-43B6-BF4A-2E5762E4E111}.Debug|Any CPU.Build.0 = Debug|Any CPU
		{B875DFF6-70CA-43B6-BF4A-2E5762E4E111}.Release|Any CPU.ActiveCfg = Release|Any CPU
		{B875DFF6-70CA-43B6-BF4A-2E5762E4E111}.Release|Any CPU.Build.0 = Release|Any CPU
		{D8ACDC02-827F-49C1-8606-CD5845B1F9F3}.Debug|Any CPU.ActiveCfg = Debug|Any CPU
		{D8ACDC02-827F-49C1-8606-CD5845B1F9F3}.Debug|Any CPU.Build.0 = Debug|Any CPU
		{D8ACDC02-827F-49C1-8606-CD5845B1F9F3}.Release|Any CPU.ActiveCfg = Release|Any CPU
		{D8ACDC02-827F-49C1-8606-CD5845B1F9F3}.Release|Any CPU.Build.0 = Release|Any CPU
	EndGlobalSection
	GlobalSection(NestedProjects) = preSolution
		{291DCD55-9A75-4C94-9D6C-D9BD8AC3374B} = {58D8B7C6-47C5-4C02-B82B-1939C967278B}
		{24C8B899-23A2-410E-AB1A-42BF31C5407A} = {58D8B7C6-47C5-4C02-B82B-1939C967278B}
		{B875DFF6-70CA-43B6-BF4A-2E5762E4E111} = {58D8B7C6-47C5-4C02-B82B-1939C967278B}
	EndGlobalSection
EndGlobal
